
Microsoft Visual Studio Solution File, Format Version 12.00
# Visual Studio Version 17
VisualStudioVersion = 17.10.35004.147
MinimumVisualStudioVersion = 10.0.40219.1
Project("{FAE04EC0-301F-11D3-BF4B-00C04F79EFBC}") = "CSharp20240613additional", "CSharp20240613additional\CSharp20240613additional.csproj", "{81E11ECC-84D1-499D-9C49-14D49382A0C5}"
EndProject
Global
	GlobalSection(SolutionConfigurationPlatforms) = preSolution
		Debug|Any CPU = Debug|Any CPU
		Release|Any CPU = Release|Any CPU
	EndGlobalSection
	GlobalSection(ProjectConfigurationPlatforms) = postSolution
		{81E11ECC-84D1-499D-9C49-14D49382A0C5}.Debug|Any CPU.ActiveCfg = Debug|Any CPU
		{81E11ECC-84D1-499D-9C49-14D49382A0C5}.Debug|Any CPU.Build.0 = Debug|Any CPU
		{81E11ECC-84D1-499D-9C49-14D49382A0C5}.Release|Any CPU.ActiveCfg = Release|Any CPU
		{81E11ECC-84D1-499D-9C49-14D49382A0C5}.Release|Any CPU.Build.0 = Release|Any CPU
	EndGlobalSection
	GlobalSection(SolutionProperties) = preSolution
		HideSolutionNode = FALSE
	EndGlobalSection
	GlobalSection(ExtensibilityGlobals) = postSolution
		SolutionGuid = {8053D6A8-817F-42D1-8A27-0A7B8B6A7BAA}
	EndGlobalSection
EndGlobal
